{
    "_meta": {
        "hash": {
            "sha256": "dfbbbf322ba87ea15a48fcdcda98d75cb7bce1d791a7035a8fb847d2b6f997d5"
        },
        "pipfile-spec": 6,
        "requires": {
            "python_version": "3.9"
        },
        "sources": [
            {
                "name": "pypi",
                "url": "https://pypi.org/simple",
                "verify_ssl": true
            }
        ]
    },
    "default": {
        "aiofiles": {
            "hashes": [
                "sha256:a1c4fc9b2ff81568c83e21392a82f344ea9d23da906e4f6a52662764545e19d4",
                "sha256:c67a6823b5f23fcab0a2595a289cec7d8c863ffcb4322fb8cd6b90400aedfdbc"
            ],
            "index": "pypi",
            "version": "==0.7.0"
        },
        "anyio": {
            "hashes": [
                "sha256:929a6852074397afe1d989002aa96d457e3e1e5441357c60d03e7eea0e65e1b0",
                "sha256:ae57a67583e5ff8b4af47666ff5651c3732d45fd26c929253748e796af860374"
            ],
            "markers": "python_full_version >= '3.6.2'",
            "version": "==3.3.0"
        },
        "asgiref": {
            "hashes": [
                "sha256:4ef1ab46b484e3c706329cedeff284a5d40824200638503f5768edb6de7d58e9",
                "sha256:ffc141aa908e6f175673e7b1b3b7af4fdb0ecb738fc5c8b88f69f055c2415214"
            ],
            "markers": "python_version >= '3.6'",
            "version": "==3.4.1"
        },
        "cairocffi": {
            "hashes": [
                "sha256:9a979b500c64c8179fec286f337e8fe644eca2f2cd05860ce0b62d25f22ea140"
            ],
            "markers": "python_version >= '3.6'",
            "version": "==1.2.0"
        },
        "cairosvg": {
            "hashes": [
                "sha256:98c276b7e4f0caf01e5c7176765c104ffa1aa1461d63b2053b04ab663cf7052b",
                "sha256:b0b9929cf5dba005178d746a8036fcf0025550f498ca54db61873322384783bc"
            ],
            "version": "==2.5.2"
        },
        "cffi": {
            "hashes": [
                "sha256:06c54a68935738d206570b20da5ef2b6b6d92b38ef3ec45c5422c0ebaf338d4d",
                "sha256:0c0591bee64e438883b0c92a7bed78f6290d40bf02e54c5bf0978eaf36061771",
                "sha256:19ca0dbdeda3b2615421d54bef8985f72af6e0c47082a8d26122adac81a95872",
                "sha256:22b9c3c320171c108e903d61a3723b51e37aaa8c81255b5e7ce102775bd01e2c",
                "sha256:26bb2549b72708c833f5abe62b756176022a7b9a7f689b571e74c8478ead51dc",
                "sha256:33791e8a2dc2953f28b8d8d300dde42dd929ac28f974c4b4c6272cb2955cb762",
                "sha256:3c8d896becff2fa653dc4438b54a5a25a971d1f4110b32bd3068db3722c80202",
                "sha256:4373612d59c404baeb7cbd788a18b2b2a8331abcc84c3ba40051fcd18b17a4d5",
                "sha256:487d63e1454627c8e47dd230025780e91869cfba4c753a74fda196a1f6ad6548",
                "sha256:48916e459c54c4a70e52745639f1db524542140433599e13911b2f329834276a",
                "sha256:4922cd707b25e623b902c86188aca466d3620892db76c0bdd7b99a3d5e61d35f",
                "sha256:55af55e32ae468e9946f741a5d51f9896da6b9bf0bbdd326843fec05c730eb20",
                "sha256:57e555a9feb4a8460415f1aac331a2dc833b1115284f7ded7278b54afc5bd218",
                "sha256:5d4b68e216fc65e9fe4f524c177b54964af043dde734807586cf5435af84045c",
                "sha256:64fda793737bc4037521d4899be780534b9aea552eb673b9833b01f945904c2e",
                "sha256:6d6169cb3c6c2ad50db5b868db6491a790300ade1ed5d1da29289d73bbe40b56",
                "sha256:7bcac9a2b4fdbed2c16fa5681356d7121ecabf041f18d97ed5b8e0dd38a80224",
                "sha256:80b06212075346b5546b0417b9f2bf467fea3bfe7352f781ffc05a8ab24ba14a",
                "sha256:818014c754cd3dba7229c0f5884396264d51ffb87ec86e927ef0be140bfdb0d2",
                "sha256:8eb687582ed7cd8c4bdbff3df6c0da443eb89c3c72e6e5dcdd9c81729712791a",
                "sha256:99f27fefe34c37ba9875f224a8f36e31d744d8083e00f520f133cab79ad5e819",
                "sha256:9f3e33c28cd39d1b655ed1ba7247133b6f7fc16fa16887b120c0c670e35ce346",
                "sha256:a8661b2ce9694ca01c529bfa204dbb144b275a31685a075ce123f12331be790b",
                "sha256:a9da7010cec5a12193d1af9872a00888f396aba3dc79186604a09ea3ee7c029e",
                "sha256:aedb15f0a5a5949ecb129a82b72b19df97bbbca024081ed2ef88bd5c0a610534",
                "sha256:b315d709717a99f4b27b59b021e6207c64620790ca3e0bde636a6c7f14618abb",
                "sha256:ba6f2b3f452e150945d58f4badd92310449876c4c954836cfb1803bdd7b422f0",
                "sha256:c33d18eb6e6bc36f09d793c0dc58b0211fccc6ae5149b808da4a62660678b156",
                "sha256:c9a875ce9d7fe32887784274dd533c57909b7b1dcadcc128a2ac21331a9765dd",
                "sha256:c9e005e9bd57bc987764c32a1bee4364c44fdc11a3cc20a40b93b444984f2b87",
                "sha256:d2ad4d668a5c0645d281dcd17aff2be3212bc109b33814bbb15c4939f44181cc",
                "sha256:d950695ae4381ecd856bcaf2b1e866720e4ab9a1498cba61c602e56630ca7195",
                "sha256:e22dcb48709fc51a7b58a927391b23ab37eb3737a98ac4338e2448bef8559b33",
                "sha256:e8c6a99be100371dbb046880e7a282152aa5d6127ae01783e37662ef73850d8f",
                "sha256:e9dc245e3ac69c92ee4c167fbdd7428ec1956d4e754223124991ef29eb57a09d",
                "sha256:eb687a11f0a7a1839719edd80f41e459cc5366857ecbed383ff376c4e3cc6afd",
                "sha256:eb9e2a346c5238a30a746893f23a9535e700f8192a68c07c0258e7ece6ff3728",
                "sha256:ed38b924ce794e505647f7c331b22a693bee1538fdf46b0222c4717b42f744e7",
                "sha256:f0010c6f9d1a4011e429109fda55a225921e3206e7f62a0c22a35344bfd13cca",
                "sha256:f0c5d1acbfca6ebdd6b1e3eded8d261affb6ddcf2186205518f1428b8569bb99",
                "sha256:f10afb1004f102c7868ebfe91c28f4a712227fe4cb24974350ace1f90e1febbf",
                "sha256:f174135f5609428cc6e1b9090f9268f5c8935fddb1b25ccb8255a2d50de6789e",
                "sha256:f3ebe6e73c319340830a9b2825d32eb6d8475c1dac020b4f0aa774ee3b898d1c",
                "sha256:f627688813d0a4140153ff532537fbe4afea5a3dffce1f9deb7f91f848a832b5",
                "sha256:fd4305f86f53dfd8cd3522269ed7fc34856a8ee3709a5e28b2836b2db9d4cd69"
            ],
            "version": "==1.14.6"
        },
        "click": {
            "hashes": [
                "sha256:8c04c11192119b1ef78ea049e0a6f0463e4c48ef00a30160c704337586f3ad7a",
                "sha256:fba402a4a47334742d782209a7c79bc448911afe1149d07bdabdf480b3e2f4b6"
            ],
            "markers": "python_version >= '3.6'",
            "version": "==8.0.1"
        },
        "cssselect2": {
            "hashes": [
                "sha256:2f4a9f20965367bae459e3bb42561f7927e0cfe5b7ea1692757cf67ef5d7dace",
                "sha256:93fbb9af860e95dd40bf18c3b2b6ed99189a07c0f29ba76f9c5be71344664ec8"
            ],
            "markers": "python_version >= '3.6'",
            "version": "==0.4.1"
        },
        "defusedxml": {
            "hashes": [
                "sha256:1bb3032db185915b62d7c6209c5a8792be6a32ab2fedacc84e01b52c51aa3e69",
                "sha256:a352e7e428770286cc899e2542b6cdaedb2b4953ff269a210103ec58f6198a61"
            ],
            "markers": "python_version >= '2.7' and python_version not in '3.0, 3.1, 3.2, 3.3, 3.4'",
            "version": "==0.7.1"
        },
        "ffmpeg-python": {
            "hashes": [
                "sha256:65225db34627c578ef0e11c8b1eb528bb35e024752f6f10b78c011f6f64c4127",
                "sha256:ac441a0404e053f8b6a1113a77c0f452f1cfc62f6344a769475ffdc0f56c23c5"
            ],
            "version": "==0.2.0"
        },
        "filelock": {
            "hashes": [
                "sha256:18d82244ee114f543149c66a6e0c14e9c4f8a1044b5cdaadd0f82159d6a6ff59",
                "sha256:929b7d63ec5b7d6b71b0fa5ac14e030b3f70b75747cef1b10da9b879fef15836"
            ],
            "version": "==3.0.12"
        },
        "future": {
            "hashes": [
                "sha256:b1bead90b70cf6ec3f0710ae53a525360fa360d306a86583adc6bf83a4db537d"
            ],
            "markers": "python_version >= '2.6' and python_version not in '3.0, 3.1, 3.2, 3.3'",
            "version": "==0.18.2"
        },
        "h11": {
            "hashes": [
                "sha256:36a3cb8c0a032f56e2da7084577878a035d3b61d104230d4bd49c0c6b555a9c6",
                "sha256:47222cb6067e4a307d535814917cd98fd0a57b6788ce715755fa2b6c28b56042"
            ],
            "markers": "python_version >= '3.6'",
            "version": "==0.12.0"
        },
        "idna": {
            "hashes": [
                "sha256:14475042e284991034cb48e06f6851428fb14c4dc953acd9be9a5e95c7b6dd7a",
                "sha256:467fbad99067910785144ce333826c71fb0e63a425657295239737f7ecd125f3"
            ],
            "markers": "python_version >= '3.5'",
            "version": "==3.2"
        },
        "pathlib": {
            "hashes": [
                "sha256:6940718dfc3eff4258203ad5021090933e5c04707d5ca8cc9e73c94a7894ea9f"
            ],
            "version": "==1.0.1"
        },
        "pdf2image": {
            "hashes": [
                "sha256:84f79f2b8fad943e36323ea4e937fcb05f26ded0caa0a01181df66049e42fb65",
                "sha256:d58ed94d978a70c73c2bb7fdf8acbaf2a7089c29ff8141be5f45433c0c4293bb"
            ],
            "version": "==1.16.0"
        },
        "pillow": {
            "hashes": [
                "sha256:0b2efa07f69dc395d95bb9ef3299f4ca29bcb2157dc615bae0b42c3c20668ffc",
                "sha256:114f816e4f73f9ec06997b2fde81a92cbf0777c9e8f462005550eed6bae57e63",
                "sha256:147bd9e71fb9dcf08357b4d530b5167941e222a6fd21f869c7911bac40b9994d",
                "sha256:15a2808e269a1cf2131930183dcc0419bc77bb73eb54285dde2706ac9939fa8e",
                "sha256:196560dba4da7a72c5e7085fccc5938ab4075fd37fe8b5468869724109812edd",
                "sha256:1c03e24be975e2afe70dfc5da6f187eea0b49a68bb2b69db0f30a61b7031cee4",
                "sha256:1fd5066cd343b5db88c048d971994e56b296868766e461b82fa4e22498f34d77",
                "sha256:29c9569049d04aaacd690573a0398dbd8e0bf0255684fee512b413c2142ab723",
                "sha256:2b6dfa068a8b6137da34a4936f5a816aba0ecc967af2feeb32c4393ddd671cba",
                "sha256:2cac53839bfc5cece8fdbe7f084d5e3ee61e1303cccc86511d351adcb9e2c792",
                "sha256:2ee77c14a0299d0541d26f3d8500bb57e081233e3fa915fa35abd02c51fa7fae",
                "sha256:37730f6e68bdc6a3f02d2079c34c532330d206429f3cee651aab6b66839a9f0e",
                "sha256:3f08bd8d785204149b5b33e3b5f0ebbfe2190ea58d1a051c578e29e39bfd2367",
                "sha256:479ab11cbd69612acefa8286481f65c5dece2002ffaa4f9db62682379ca3bb77",
                "sha256:4bc3c7ef940eeb200ca65bd83005eb3aae8083d47e8fcbf5f0943baa50726856",
                "sha256:660a87085925c61a0dcc80efb967512ac34dbb256ff7dd2b9b4ee8dbdab58cf4",
                "sha256:67b3666b544b953a2777cb3f5a922e991be73ab32635666ee72e05876b8a92de",
                "sha256:70af7d222df0ff81a2da601fab42decb009dc721545ed78549cb96e3a1c5f0c8",
                "sha256:75e09042a3b39e0ea61ce37e941221313d51a9c26b8e54e12b3ececccb71718a",
                "sha256:8960a8a9f4598974e4c2aeb1bff9bdd5db03ee65fd1fce8adf3223721aa2a636",
                "sha256:9364c81b252d8348e9cc0cb63e856b8f7c1b340caba6ee7a7a65c968312f7dab",
                "sha256:969cc558cca859cadf24f890fc009e1bce7d7d0386ba7c0478641a60199adf79",
                "sha256:9a211b663cf2314edbdb4cf897beeb5c9ee3810d1d53f0e423f06d6ebbf9cd5d",
                "sha256:a17ca41f45cf78c2216ebfab03add7cc350c305c38ff34ef4eef66b7d76c5229",
                "sha256:a2f381932dca2cf775811a008aa3027671ace723b7a38838045b1aee8669fdcf",
                "sha256:a4eef1ff2d62676deabf076f963eda4da34b51bc0517c70239fafed1d5b51500",
                "sha256:c088a000dfdd88c184cc7271bfac8c5b82d9efa8637cd2b68183771e3cf56f04",
                "sha256:c0e0550a404c69aab1e04ae89cca3e2a042b56ab043f7f729d984bf73ed2a093",
                "sha256:c11003197f908878164f0e6da15fce22373ac3fc320cda8c9d16e6bba105b844",
                "sha256:c2a5ff58751670292b406b9f06e07ed1446a4b13ffced6b6cab75b857485cbc8",
                "sha256:c35d09db702f4185ba22bb33ef1751ad49c266534339a5cebeb5159d364f6f82",
                "sha256:c379425c2707078dfb6bfad2430728831d399dc95a7deeb92015eb4c92345eaf",
                "sha256:cc866706d56bd3a7dbf8bac8660c6f6462f2f2b8a49add2ba617bc0c54473d83",
                "sha256:d0da39795049a9afcaadec532e7b669b5ebbb2a9134576ebcc15dd5bdae33cc0",
                "sha256:f156d6ecfc747ee111c167f8faf5f4953761b5e66e91a4e6767e548d0f80129c",
                "sha256:f4ebde71785f8bceb39dcd1e7f06bcc5d5c3cf48b9f69ab52636309387b097c8",
                "sha256:fc214a6b75d2e0ea7745488da7da3c381f41790812988c7a92345978414fad37",
                "sha256:fd7eef578f5b2200d066db1b50c4aa66410786201669fb76d5238b007918fb24",
                "sha256:ff04c373477723430dce2e9d024c708a047d44cf17166bf16e604b379bf0ca14"
            ],
            "markers": "python_version >= '3.6'",
            "version": "==8.3.1"
        },
        "preview-generator": {
            "extras": [
                "all"
            ],
            "hashes": [
                "sha256:f1999d8985ef27f4d2dcf0c2750c9f74ccb1bdbac05df2d0ff03fda27bba1bc2"
            ],
            "index": "pypi",
            "version": "==0.23"
        },
        "pycparser": {
            "hashes": [
                "sha256:2d475327684562c3a96cc71adf7dc8c4f0565175cf86b6d7a404ff4c771f15f0",
                "sha256:7582ad22678f0fcd81102833f60ef8d0e57288b6b5fb00323d101be910e35705"
            ],
            "markers": "python_version >= '2.7' and python_version not in '3.0, 3.1, 3.2, 3.3'",
            "version": "==2.20"
        },
        "pyexifinfo": {
            "hashes": [
                "sha256:578b34b3c593fe77bbe6b62588f9f2ec679dca63f7d486148c9a6ff1fdd4bdc9"
            ],
            "version": "==0.4.0"
        },
        "pypdf2": {
            "hashes": [
                "sha256:e28f902f2f0a1603ea95ebe21dff311ef09be3d0f0ef29a3e44a932729564385"
            ],
            "version": "==1.26.0"
        },
        "python-magic": {
            "hashes": [
                "sha256:4fec8ee805fea30c07afccd1592c0f17977089895bdfaae5fec870a84e997626",
                "sha256:de800df9fb50f8ec5974761054a708af6e4246b03b4bdaee993f948947b0ebcf"
            ],
            "markers": "python_version >= '2.7' and python_version not in '3.0, 3.1, 3.2, 3.3, 3.4'",
            "version": "==0.4.24"
        },
        "python-multipart": {
            "hashes": [
                "sha256:f7bb5f611fc600d15fa47b3974c8aa16e93724513b49b5f95c81e6624c83fa43"
            ],
            "index": "pypi",
            "version": "==0.0.5"
        },
        "six": {
            "hashes": [
                "sha256:1e61c37477a1626458e36f7b1d82aa5c9b094fa4802892072e49de9c60c4c926",
                "sha256:8abb2f1d86890a2dfb989f9a77cfcfd3e47c2a354b01111771326f8aa26e0254"
            ],
            "markers": "python_version >= '2.7' and python_version not in '3.0, 3.1, 3.2, 3.3'",
            "version": "==1.16.0"
        },
        "sniffio": {
            "hashes": [
                "sha256:471b71698eac1c2112a40ce2752bb2f4a4814c22a54a3eed3676bc0f5ca9f663",
                "sha256:c4666eecec1d3f50960c6bdf61ab7bc350648da6c126e3cf6898d8cd4ddcd3de"
            ],
            "markers": "python_version >= '3.5'",
            "version": "==1.2.0"
        },
        "starlette": {
            "hashes": [
                "sha256:38eb24bf705a2c317e15868e384c1b8a12ca396e5a3c3a003db7e667c43f939f",
                "sha256:e1904b5d0007aee24bdd3c43994be9b3b729f4f58e740200de1d623f8c3a8870"
            ],
            "index": "pypi",
            "version": "==0.16.0"
        },
        "tinycss2": {
            "hashes": [
                "sha256:0353b5234bcaee7b1ac7ca3dea7e02cd338a9f8dcbb8f2dcd32a5795ec1e5f9a",
                "sha256:fbdcac3044d60eb85fdb2aa840ece43cf7dbe798e373e6ee0be545d4d134e18a"
            ],
            "markers": "python_version >= '3.6'",
            "version": "==1.1.0"
        },
        "uvicorn": {
            "hashes": [
                "sha256:2a76bb359171a504b3d1c853409af3adbfa5cef374a4a59e5881945a97a93eae",
                "sha256:45ad7dfaaa7d55cab4cd1e85e03f27e9d60bc067ddc59db52a2b0aeca8870292"
            ],
            "index": "pypi",
            "version": "==0.14.0"
        },
        "wand": {
            "hashes": [
                "sha256:540a2da5fb3ada1f0abf6968e0fa01ca7de6cd517f3be5c52d03a4fc8d54d75e",
                "sha256:b752b2c2ee6ce04210da4b2e591013a4d9303fbed3fcbd3fb450930777dcb117"
            ],
            "version": "==0.6.6"
        },
        "webencodings": {
            "hashes": [
                "sha256:a0af1213f3c2226497a97e2b3aa01a7e4bee4f403f95be16fc9acd2947514a78",
                "sha256:b36a1c245f2d304965eb4e0a82848379241dc04b865afcc4aab16748587e1923"
            ],
            "version": "==0.5.1"
        },
        "xvfbwrapper": {
            "hashes": [
                "sha256:bcf4ae571941b40254faf7a73432dfc119ad21ce688f1fdec533067037ecfc24"
            ],
            "version": "==0.2.9"
        }
    },
    "develop": {
        "appdirs": {
            "hashes": [
                "sha256:7d5d0167b2b1ba821647616af46a749d1c653740dd0d2415100fe26e27afdf41",
                "sha256:a841dacd6b99318a741b166adb07e19ee71a274450e68237b4650ca1055ab128"
            ],
            "version": "==1.4.4"
        },
        "black": {
            "hashes": [
                "sha256:2818cf72dfd5d289e48f37ccfa08b460bf469e67fb7c4abb07edc2e9f16fb63f",
                "sha256:41622020d7120e01d377f74249e677039d20e6344ff5851de8a10f11f513bf93",
                "sha256:4acf672def7eb1725f41f38bf6bf425c8237248bb0804faa3965c036f7672d11",
                "sha256:4be5bb28e090456adfc1255e03967fb67ca846a03be7aadf6249096100ee32d0",
                "sha256:4f1373a7808a8f135b774039f61d59e4be7eb56b2513d3d2f02a8b9365b8a8a9",
                "sha256:56f52cfbd3dabe2798d76dbdd299faa046a901041faf2cf33288bc4e6dae57b5",
                "sha256:65b76c275e4c1c5ce6e9870911384bff5ca31ab63d19c76811cb1fb162678213",
                "sha256:65c02e4ea2ae09d16314d30912a58ada9a5c4fdfedf9512d23326128ac08ac3d",
                "sha256:6905238a754ceb7788a73f02b45637d820b2f5478b20fec82ea865e4f5d4d9f7",
                "sha256:79dcf34b33e38ed1b17434693763301d7ccbd1c5860674a8f871bd15139e7837",
                "sha256:7bb041dca0d784697af4646d3b62ba4a6b028276ae878e53f6b4f74ddd6db99f",
                "sha256:7d5e026f8da0322b5662fa7a8e752b3fa2dac1c1cbc213c3d7ff9bdd0ab12395",
                "sha256:9f50ea1132e2189d8dff0115ab75b65590a3e97de1e143795adb4ce317934995",
                "sha256:a0c9c4a0771afc6919578cec71ce82a3e31e054904e7197deacbc9382671c41f",
                "sha256:aadf7a02d947936ee418777e0247ea114f78aff0d0959461057cae8a04f20597",
                "sha256:b5991d523eee14756f3c8d5df5231550ae8993e2286b8014e2fdea7156ed0959",
                "sha256:bf21b7b230718a5f08bd32d5e4f1db7fc8788345c8aea1d155fc17852b3410f5",
                "sha256:c45f8dff244b3c431b36e3224b6be4a127c6aca780853574c00faf99258041eb",
                "sha256:c7ed6668cbbfcd231fa0dc1b137d3e40c04c7f786e626b405c62bcd5db5857e4",
                "sha256:d7de8d330763c66663661a1ffd432274a2f92f07feeddd89ffd085b5744f85e7",
                "sha256:e19cb1c6365fd6dc38a6eae2dcb691d7d83935c10215aef8e6c38edee3f77abd",
                "sha256:e2af80566f43c85f5797365077fb64a393861a3730bd110971ab7a0c94e873e7"
            ],
            "index": "pypi",
            "markers": "python_version >= '3.8'",
            "version": "==24.3.0"
        },
        "click": {
            "hashes": [
                "sha256:ae74fb96c20a0277a1d615f1e4d73c8414f5a98db8b799a7931d1582f3390c28",
                "sha256:ca9853ad459e787e2192211578cc907e7594e294c7ccc834310722b41b9ca6de"
            ],
            "markers": "python_version >= '3.7'",
            "version": "==8.1.7"
        },
        "mypy-extensions": {
            "hashes": [
                "sha256:4392f6c0eb8a5668a69e23d168ffa70f0be9ccfd32b5cc2d26a34ae5b844552d",
                "sha256:75dbf8955dc00442a438fc4d0666508a9a97b6bd41aa2f0ffe9d2f2725af0782"
            ],
            "markers": "python_version >= '3.5'",
            "version": "==1.0.0"
        },
        "packaging": {
            "hashes": [
                "sha256:2ddfb553fdf02fb784c234c7ba6ccc288296ceabec964ad2eae3777778130bc5",
                "sha256:eb82c5e3e56209074766e6885bb04b8c38a0c015d0a30036ebe7ece34c9989e9"
            ],
            "markers": "python_version >= '3.7'",
            "version": "==24.0"
        },
        "pathspec": {
            "hashes": [
                "sha256:a0d503e138a4c123b27490a4f7beda6a01c6f288df0e4a8b79c7eb0dc7b4cc08",
                "sha256:a482d51503a1ab33b1c67a6c3813a26953dbdc71c31dacaef9a838c4e29f5712"
            ],
            "markers": "python_version >= '3.8'",
            "version": "==0.12.1"
        },
        "platformdirs": {
            "hashes": [
                "sha256:0614df2a2f37e1a662acbd8e2b25b92ccf8632929bc6d43467e17fe89c75e068",
                "sha256:ef0cc731df711022c174543cb70a9b5bd22e5a9337c8624ef2c2ceb8ddad8768"
            ],
            "markers": "python_version >= '3.8'",
            "version": "==4.2.0"
        },
        "regex": {
            "hashes": [
                "sha256:026beb631097a4a3def7299aa5825e05e057de3c6d72b139c37813bfa351274b",
                "sha256:14caacd1853e40103f59571f169704367e79fb78fac3d6d09ac84d9197cadd16",
                "sha256:16d9eaa8c7e91537516c20da37db975f09ac2e7772a0694b245076c6d68f85da",
                "sha256:18fdc51458abc0a974822333bd3a932d4e06ba2a3243e9a1da305668bd62ec6d",
                "sha256:28e8af338240b6f39713a34e337c3813047896ace09d51593d6907c66c0708ba",
                "sha256:3835de96524a7b6869a6c710b26c90e94558c31006e96ca3cf6af6751b27dca1",
                "sha256:3905c86cc4ab6d71635d6419a6f8d972cab7c634539bba6053c47354fd04452c",
                "sha256:3c09d88a07483231119f5017904db8f60ad67906efac3f1baa31b9b7f7cca281",
                "sha256:4551728b767f35f86b8e5ec19a363df87450c7376d7419c3cac5b9ceb4bce576",
                "sha256:459bbe342c5b2dec5c5223e7c363f291558bc27982ef39ffd6569e8c082bdc83",
                "sha256:4f421e3cdd3a273bace013751c345f4ebeef08f05e8c10757533ada360b51a39",
                "sha256:577737ec3d4c195c4aef01b757905779a9e9aee608fa1cf0aec16b5576c893d3",
                "sha256:57fece29f7cc55d882fe282d9de52f2f522bb85290555b49394102f3621751ee",
                "sha256:7976d410e42be9ae7458c1816a416218364e06e162b82e42f7060737e711d9ce",
                "sha256:85f568892422a0e96235eb8ea6c5a41c8ccbf55576a2260c0160800dbd7c4f20",
                "sha256:8764a78c5464ac6bde91a8c87dd718c27c1cabb7ed2b4beaf36d3e8e390567f9",
                "sha256:8935937dad2c9b369c3d932b0edbc52a62647c2afb2fafc0c280f14a8bf56a6a",
                "sha256:8fe58d9f6e3d1abf690174fd75800fda9bdc23d2a287e77758dc0e8567e38ce6",
                "sha256:937b20955806381e08e54bd9d71f83276d1f883264808521b70b33d98e4dec5d",
                "sha256:9569da9e78f0947b249370cb8fadf1015a193c359e7e442ac9ecc585d937f08d",
                "sha256:a3b73390511edd2db2d34ff09aa0b2c08be974c71b4c0505b4a048d5dc128c2b",
                "sha256:a4eddbe2a715b2dd3849afbdeacf1cc283160b24e09baf64fa5675f51940419d",
                "sha256:a5c6dbe09aff091adfa8c7cfc1a0e83fdb8021ddb2c183512775a14f1435fe16",
                "sha256:b63e3571b24a7959017573b6455e05b675050bbbea69408f35f3cb984ec54363",
                "sha256:bb350eb1060591d8e89d6bac4713d41006cd4d479f5e11db334a48ff8999512f",
                "sha256:bf6d987edd4a44dd2fa2723fca2790f9442ae4de2c8438e53fcb1befdf5d823a",
                "sha256:bfa6a679410b394600eafd16336b2ce8de43e9b13f7fb9247d84ef5ad2b45e91",
                "sha256:c856ec9b42e5af4fe2d8e75970fcc3a2c15925cbcc6e7a9bcb44583b10b95e80",
                "sha256:cea56288eeda8b7511d507bbe7790d89ae7049daa5f51ae31a35ae3c05408531",
                "sha256:ea212df6e5d3f60341aef46401d32fcfded85593af1d82b8b4a7a68cd67fdd6b",
                "sha256:f35567470ee6dbfb946f069ed5f5615b40edcbb5f1e6e1d3d2b114468d505fc6",
                "sha256:fbc20975eee093efa2071de80df7f972b7b35e560b213aafabcec7c0bd00bd8c",
                "sha256:ff4a8ad9638b7ca52313d8732f37ecd5fd3c8e3aff10a8ccb93176fd5b3812f6"
            ],
            "version": "==2021.8.3"
        },
        "tomli": {
            "hashes": [
                "sha256:939de3e7a6161af0c887ef91b7d41a53e7c5a1ca976325f429cb46ea9bc30ecc",
                "sha256:de526c12914f0c550d15924c62d72abc48d6fe7364aa87328337a31007fe8a4f"
            ],
            "markers": "python_version < '3.11'",
            "version": "==2.0.1"
        },
        "typing-extensions": {
            "hashes": [
                "sha256:69b1a937c3a517342112fb4c6df7e72fc39a38e7891a5730ed4985b5214b5475",
                "sha256:b0abd7c89e8fb96f98db18d86106ff1d90ab692004eb746cf6eda2682f91b3cb"
            ],
            "markers": "python_version < '3.11'",
            "version": "==4.10.0"
        }
    }
}
